// !$*UTF8*$!
{
	archiveVersion = 1;
	classes = {
	};
	objectVersion = 56;
	objects = {

/* Begin PBXBuildFile section */
		CB8AAC7E29E7ED6200D02BF2 /* UserAppApp.swift in Sources */ = {isa = PBXBuildFile; fileRef = CB8AAC7D29E7ED6200D02BF2 /* UserAppApp.swift */; };
		CB8AAC8029E7ED6200D02BF2 /* ContentView.swift in Sources */ = {isa = PBXBuildFile; fileRef = CB8AAC7F29E7ED6200D02BF2 /* ContentView.swift */; };
		CB8AAC8229E7ED6200D02BF2 /* Assets.xcassets in Resources */ = {isa = PBXBuildFile; fileRef = CB8AAC8129E7ED6200D02BF2 /* Assets.xcassets */; };
		CB8AAC8529E7ED6200D02BF2 /* Preview Assets.xcassets in Resources */ = {isa = PBXBuildFile; fileRef = CB8AAC8429E7ED6200D02BF2 /* Preview Assets.xcassets */; };
		CB8AAC8F29E7ED6300D02BF2 /* UserAppTests.swift in Sources */ = {isa = PBXBuildFile; fileRef = CB8AAC8E29E7ED6300D02BF2 /* UserAppTests.swift */; };
		CB8AAC9929E7ED6300D02BF2 /* UserAppUITests.swift in Sources */ = {isa = PBXBuildFile; fileRef = CB8AAC9829E7ED6300D02BF2 /* UserAppUITests.swift */; };
		CB8AAC9B29E7ED6300D02BF2 /* UserAppUITestsLaunchTests.swift in Sources */ = {isa = PBXBuildFile; fileRef = CB8AAC9A29E7ED6300D02BF2 /* UserAppUITestsLaunchTests.swift */; };
/* End PBXBuildFile section */

/* Begin PBXContainerItemProxy section */
		CB8AAC8B29E7ED6300D02BF2 /* PBXContainerItemProxy */ = {
			isa = PBXContainerItemProxy;
			containerPortal = CB8AAC7229E7ED6100D02BF2 /* Project object */;
			proxyType = 1;
			remoteGlobalIDString = CB8AAC7929E7ED6100D02BF2;
			remoteInfo = UserApp;
		};
		CB8AAC9529E7ED6300D02BF2 /* PBXContainerItemProxy */ = {
			isa = PBXContainerItemProxy;
			containerPortal = CB8AAC7229E7ED6100D02BF2 /* Project object */;
			proxyType = 1;
			remoteGlobalIDString = CB8AAC7929E7ED6100D02BF2;
			remoteInfo = UserApp;
		};
/* End PBXContainerItemProxy section */

/* Begin PBXFileReference section */
		CB8AAC7A29E7ED6100D02BF2 /* UserApp.app */ = {isa = PBXFileReference; explicitFileType = wrapper.application; includeInIndex = 0; path = UserApp.app; sourceTree = BUILT_PRODUCTS_DIR; };
		CB8AAC7D29E7ED6200D02BF2 /* UserAppApp.swift */ = {isa = PBXFileReference; lastKnownFileType = sourcecode.swift; path = UserAppApp.swift; sourceTree = "<group>"; };
		CB8AAC7F29E7ED6200D02BF2 /* ContentView.swift */ = {isa = PBXFileReference; lastKnownFileType = sourcecode.swift; path = ContentView.swift; sourceTree = "<group>"; };
		CB8AAC8129E7ED6200D02BF2 /* Assets.xcassets */ = {isa = PBXFileReference; lastKnownFileType = folder.assetcatalog; path = Assets.xcassets; sourceTree = "<group>"; };
		CB8AAC8429E7ED6200D02BF2 /* Preview Assets.xcassets */ = {isa = PBXFileReference; lastKnownFileType = folder.assetcatalog; path = "Preview Assets.xcassets"; sourceTree = "<group>"; };
		CB8AAC8A29E7ED6300D02BF2 /* UserAppTests.xctest */ = {isa = PBXFileReference; explicitFileType = wrapper.cfbundle; includeInIndex = 0; path = UserAppTests.xctest; sourceTree = BUILT_PRODUCTS_DIR; };
		CB8AAC8E29E7ED6300D02BF2 /* UserAppTests.swift */ = {isa = PBXFileReference; lastKnownFileType = sourcecode.swift; path = UserAppTests.swift; sourceTree = "<group>"; };
		CB8AAC9429E7ED6300D02BF2 /* UserAppUITests.xctest */ = {isa = PBXFileReference; explicitFileType = wrapper.cfbundle; includeInIndex = 0; path = UserAppUITests.xctest; sourceTree = BUILT_PRODUCTS_DIR; };
		CB8AAC9829E7ED6300D02BF2 /* UserAppUITests.swift */ = {isa = PBXFileReference; lastKnownFileType = sourcecode.swift; path = UserAppUITests.swift; sourceTree = "<group>"; };
		CB8AAC9A29E7ED6300D02BF2 /* UserAppUITestsLaunchTests.swift */ = {isa = PBXFileReference; lastKnownFileType = sourcecode.swift; path = UserAppUITestsLaunchTests.swift; sourceTree = "<group>"; };
/* End PBXFileReference section */

/* Begin PBXFrameworksBuildPhase section */
		CB8AAC7729E7ED6100D02BF2 /* Frameworks */ = {
			isa = PBXFrameworksBuildPhase;
			buildActionMask = 2147483647;
			files = (
			);
			runOnlyForDeploymentPostprocessing = 0;
		};
		CB8AAC8729E7ED6300D02BF2 /* Frameworks */ = {
			isa = PBXFrameworksBuildPhase;
			buildActionMask = 2147483647;
			files = (
			);
			runOnlyForDeploymentPostprocessing = 0;
		};
		CB8AAC9129E7ED6300D02BF2 /* Frameworks */ = {
			isa = PBXFrameworksBuildPhase;
			buildActionMask = 2147483647;
			files = (
			);
			runOnlyForDeploymentPostprocessing = 0;
		};
/* End PBXFrameworksBuildPhase section */

/* Begin PBXGroup section */
		CB8AAC7129E7ED6100D02BF2 = {
			isa = PBXGroup;
			children = (
				CB8AAC7C29E7ED6200D02BF2 /* UserApp */,
				CB8AAC8D29E7ED6300D02BF2 /* UserAppTests */,
				CB8AAC9729E7ED6300D02BF2 /* UserAppUITests */,
				CB8AAC7B29E7ED6100D02BF2 /* Products */,
			);
			sourceTree = "<group>";
		};
		CB8AAC7B29E7ED6100D02BF2 /* Products */ = {
			isa = PBXGroup;
			children = (
				CB8AAC7A29E7ED6100D02BF2 /* UserApp.app */,
				CB8AAC8A29E7ED6300D02BF2 /* UserAppTests.xctest */,
				CB8AAC9429E7ED6300D02BF2 /* UserAppUITests.xctest */,
			);
			name = Products;
			sourceTree = "<group>";
		};
		CB8AAC7C29E7ED6200D02BF2 /* UserApp */ = {
			isa = PBXGroup;
			children = (
				CB8AAC7D29E7ED6200D02BF2 /* UserAppApp.swift */,
				CB8AAC7F29E7ED6200D02BF2 /* ContentView.swift */,
				CB8AAC8129E7ED6200D02BF2 /* Assets.xcassets */,
				CB8AAC8329E7ED6200D02BF2 /* Preview Content */,
			);
			path = UserApp;
			sourceTree = "<group>";
		};
		CB8AAC8329E7ED6200D02BF2 /* Preview Content */ = {
			isa = PBXGroup;
			children = (
				CB8AAC8429E7ED6200D02BF2 /* Preview Assets.xcassets */,
			);
			path = "Preview Content";
			sourceTree = "<group>";
		};
		CB8AAC8D29E7ED6300D02BF2 /* UserAppTests */ = {
			isa = PBXGroup;
			children = (
				CB8AAC8E29E7ED6300D02BF2 /* UserAppTests.swift */,
			);
			path = UserAppTests;
			sourceTree = "<group>";
		};
		CB8AAC9729E7ED6300D02BF2 /* UserAppUITests */ = {
			isa = PBXGroup;
			children = (
				CB8AAC9829E7ED6300D02BF2 /* UserAppUITests.swift */,
				CB8AAC9A29E7ED6300D02BF2 /* UserAppUITestsLaunchTests.swift */,
			);
			path = UserAppUITests;
			sourceTree = "<group>";
		};
/* End PBXGroup section */

/* Begin PBXNativeTarget section */
		CB8AAC7929E7ED6100D02BF2 /* UserApp */ = {
			isa = PBXNativeTarget;
			buildConfigurationList = CB8AAC9E29E7ED6300D02BF2 /* Build configuration list for PBXNativeTarget "UserApp" */;
			buildPhases = (
				CB8AAC7629E7ED6100D02BF2 /* Sources */,
				CB8AAC7729E7ED6100D02BF2 /* Frameworks */,
				CB8AAC7829E7ED6100D02BF2 /* Resources */,
			);
			buildRules = (
			);
			dependencies = (
			);
			name = UserApp;
			productName = UserApp;
			productReference = CB8AAC7A29E7ED6100D02BF2 /* UserApp.app */;
			productType = "com.apple.product-type.application";
		};
		CB8AAC8929E7ED6300D02BF2 /* UserAppTests */ = {
			isa = PBXNativeTarget;
			buildConfigurationList = CB8AACA129E7ED6300D02BF2 /* Build configuration list for PBXNativeTarget "UserAppTests" */;
			buildPhases = (
				CB8AAC8629E7ED6300D02BF2 /* Sources */,
				CB8AAC8729E7ED6300D02BF2 /* Frameworks */,
				CB8AAC8829E7ED6300D02BF2 /* Resources */,
			);
			buildRules = (
			);
			dependencies = (
				CB8AAC8C29E7ED6300D02BF2 /* PBXTargetDependency */,
			);
			name = UserAppTests;
			productName = UserAppTests;
			productReference = CB8AAC8A29E7ED6300D02BF2 /* UserAppTests.xctest */;
			productType = "com.apple.product-type.bundle.unit-test";
		};
		CB8AAC9329E7ED6300D02BF2 /* UserAppUITests */ = {
			isa = PBXNativeTarget;
			buildConfigurationList = CB8AACA429E7ED6300D02BF2 /* Build configuration list for PBXNativeTarget "UserAppUITests" */;
			buildPhases = (
				CB8AAC9029E7ED6300D02BF2 /* Sources */,
				CB8AAC9129E7ED6300D02BF2 /* Frameworks */,
				CB8AAC9229E7ED6300D02BF2 /* Resources */,
			);
			buildRules = (
			);
			dependencies = (
				CB8AAC9629E7ED6300D02BF2 /* PBXTargetDependency */,
			);
			name = UserAppUITests;
			productName = UserAppUITests;
			productReference = CB8AAC9429E7ED6300D02BF2 /* UserAppUITests.xctest */;
			productType = "com.apple.product-type.bundle.ui-testing";
		};
/* End PBXNativeTarget section */

/* Begin PBXProject section */
		CB8AAC7229E7ED6100D02BF2 /* Project object */ = {
			isa = PBXProject;
			attributes = {
				BuildIndependentTargetsInParallel = 1;
				LastSwiftUpdateCheck = 1420;
				LastUpgradeCheck = 1420;
				TargetAttributes = {
					CB8AAC7929E7ED6100D02BF2 = {
						CreatedOnToolsVersion = 14.2;
					};
					CB8AAC8929E7ED6300D02BF2 = {
						CreatedOnToolsVersion = 14.2;
						TestTargetID = CB8AAC7929E7ED6100D02BF2;
					};
					CB8AAC9329E7ED6300D02BF2 = {
						CreatedOnToolsVersion = 14.2;
						TestTargetID = CB8AAC7929E7ED6100D02BF2;
					};
				};
			};
			buildConfigurationList = CB8AAC7529E7ED6100D02BF2 /* Build configuration list for PBXProject "UserApp" */;
			compatibilityVersion = "Xcode 14.0";
			developmentRegion = en;
			hasScannedForEncodings = 0;
			knownRegions = (
				en,
				Base,
			);
			mainGroup = CB8AAC7129E7ED6100D02BF2;
			productRefGroup = CB8AAC7B29E7ED6100D02BF2 /* Products */;
			projectDirPath = "";
			projectRoot = "";
			targets = (
				CB8AAC7929E7ED6100D02BF2 /* UserApp */,
				CB8AAC8929E7ED6300D02BF2 /* UserAppTests */,
				CB8AAC9329E7ED6300D02BF2 /* UserAppUITests */,
			);
		};
/* End PBXProject section */

/* Begin PBXResourcesBuildPhase section */
		CB8AAC7829E7ED6100D02BF2 /* Resources */ = {
			isa = PBXResourcesBuildPhase;
			buildActionMask = 2147483647;
			files = (
				CB8AAC8529E7ED6200D02BF2 /* Preview Assets.xcassets in Resources */,
				CB8AAC8229E7ED6200D02BF2 /* Assets.xcassets in Resources */,
			);
			runOnlyForDeploymentPostprocessing = 0;
		};
		CB8AAC8829E7ED6300D02BF2 /* Resources */ = {
			isa = PBXResourcesBuildPhase;
			buildActionMask = 2147483647;
			files = (
			);
			runOnlyForDeploymentPostprocessing = 0;
		};
		CB8AAC9229E7ED6300D02BF2 /* Resources */ = {
			isa = PBXResourcesBuildPhase;
			buildActionMask = 2147483647;
			files = (
			);
			runOnlyForDeploymentPostprocessing = 0;
		};
/* End PBXResourcesBuildPhase section */

/* Begin PBXSourcesBuildPhase section */
		CB8AAC7629E7ED6100D02BF2 /* Sources */ = {
			isa = PBXSourcesBuildPhase;
			buildActionMask = 2147483647;
			files = (
				CB8AAC8029E7ED6200D02BF2 /* ContentView.swift in Sources */,
				CB8AAC7E29E7ED6200D02BF2 /* UserAppApp.swift in Sources */,
			);
			runOnlyForDeploymentPostprocessing = 0;
		};
		CB8AAC8629E7ED6300D02BF2 /* Sources */ = {
			isa = PBXSourcesBuildPhase;
			buildActionMask = 2147483647;
			files = (
				CB8AAC8F29E7ED6300D02BF2 /* UserAppTests.swift in Sources */,
			);
			runOnlyForDeploymentPostprocessing = 0;
		};
		CB8AAC9029E7ED6300D02BF2 /* Sources */ = {
			isa = PBXSourcesBuildPhase;
			buildActionMask = 2147483647;
			files = (
				CB8AAC9929E7ED6300D02BF2 /* UserAppUITests.swift in Sources */,
				CB8AAC9B29E7ED6300D02BF2 /* UserAppUITestsLaunchTests.swift in Sources */,
			);
			runOnlyForDeploymentPostprocessing = 0;
		};
/* End PBXSourcesBuildPhase section */

/* Begin PBXTargetDependency section */
		CB8AAC8C29E7ED6300D02BF2 /* PBXTargetDependency */ = {
			isa = PBXTargetDependency;
			target = CB8AAC7929E7ED6100D02BF2 /* UserApp */;
			targetProxy = CB8AAC8B29E7ED6300D02BF2 /* PBXContainerItemProxy */;
		};
		CB8AAC9629E7ED6300D02BF2 /* PBXTargetDependency */ = {
			isa = PBXTargetDependency;
			target = CB8AAC7929E7ED6100D02BF2 /* UserApp */;
			targetProxy = CB8AAC9529E7ED6300D02BF2 /* PBXContainerItemProxy */;
		};
/* End PBXTargetDependency section */

/* Begin XCBuildConfiguration section */
		CB8AAC9C29E7ED6300D02BF2 /* Debug */ = {
			isa = XCBuildConfiguration;
			buildSettings = {
				ALWAYS_SEARCH_USER_PATHS = NO;
				CLANG_ANALYZER_NONNULL = YES;
				CLANG_ANALYZER_NUMBER_OBJECT_CONVERSION = YES_AGGRESSIVE;
				CLANG_CXX_LANGUAGE_STANDARD = "gnu++20";
				CLANG_ENABLE_MODULES = YES;
				CLANG_ENABLE_OBJC_ARC = YES;
				CLANG_ENABLE_OBJC_WEAK = YES;
				CLANG_WARN_BLOCK_CAPTURE_AUTORELEASING = YES;
				CLANG_WARN_BOOL_CONVERSION = YES;
				CLANG_WARN_COMMA = YES;
				CLANG_WARN_CONSTANT_CONVERSION = YES;
				CLANG_WARN_DEPRECATED_OBJC_IMPLEMENTATIONS = YES;
				CLANG_WARN_DIRECT_OBJC_ISA_USAGE = YES_ERROR;
				CLANG_WARN_DOCUMENTATION_COMMENTS = YES;
				CLANG_WARN_EMPTY_BODY = YES;
				CLANG_WARN_ENUM_CONVERSION = YES;
				CLANG_WARN_INFINITE_RECURSION = YES;
				CLANG_WARN_INT_CONVERSION = YES;
				CLANG_WARN_NON_LITERAL_NULL_CONVERSION = YES;
				CLANG_WARN_OBJC_IMPLICIT_RETAIN_SELF = YES;
				CLANG_WARN_OBJC_LITERAL_CONVERSION = YES;
				CLANG_WARN_OBJC_ROOT_CLASS = YES_ERROR;
				CLANG_WARN_QUOTED_INCLUDE_IN_FRAMEWORK_HEADER = YES;
				CLANG_WARN_RANGE_LOOP_ANALYSIS = YES;
				CLANG_WARN_STRICT_PROTOTYPES = YES;
				CLANG_WARN_SUSPICIOUS_MOVE = YES;
				CLANG_WARN_UNGUARDED_AVAILABILITY = YES_AGGRESSIVE;
				CLANG_WARN_UNREACHABLE_CODE = YES;
				CLANG_WARN__DUPLICATE_METHOD_MATCH = YES;
				COPY_PHASE_STRIP = NO;
				DEBUG_INFORMATION_FORMAT = dwarf;
				ENABLE_STRICT_OBJC_MSGSEND = YES;
				ENABLE_TESTABILITY = YES;
				GCC_C_LANGUAGE_STANDARD = gnu11;
				GCC_DYNAMIC_NO_PIC = NO;
				GCC_NO_COMMON_BLOCKS = YES;
				GCC_OPTIMIZATION_LEVEL = 0;
				GCC_PREPROCESSOR_DEFINITIONS = (
					"DEBUG=1",
					"$(inherited)",
				);
				GCC_WARN_64_TO_32_BIT_CONVERSION = YES;
				GCC_WARN_ABOUT_RETURN_TYPE = YES_ERROR;
				GCC_WARN_UNDECLARED_SELECTOR = YES;
				GCC_WARN_UNINITIALIZED_AUTOS = YES_AGGRESSIVE;
				GCC_WARN_UNUSED_FUNCTION = YES;
				GCC_WARN_UNUSED_VARIABLE = YES;
				IPHONEOS_DEPLOYMENT_TARGET = 16.2;
				MTL_ENABLE_DEBUG_INFO = INCLUDE_SOURCE;
				MTL_FAST_MATH = YES;
				ONLY_ACTIVE_ARCH = YES;
				SDKROOT = iphoneos;
				SWIFT_ACTIVE_COMPILATION_CONDITIONS = DEBUG;
				SWIFT_OPTIMIZATION_LEVEL = "-Onone";
			};
			name = Debug;
		};
		CB8AAC9D29E7ED6300D02BF2 /* Release */ = {
			isa = XCBuildConfiguration;
			buildSettings = {
				ALWAYS_SEARCH_USER_PATHS = NO;
				CLANG_ANALYZER_NONNULL = YES;
				CLANG_ANALYZER_NUMBER_OBJECT_CONVERSION = YES_AGGRESSIVE;
				CLANG_CXX_LANGUAGE_STANDARD = "gnu++20";
				CLANG_ENABLE_MODULES = YES;
				CLANG_ENABLE_OBJC_ARC = YES;
				CLANG_ENABLE_OBJC_WEAK = YES;
				CLANG_WARN_BLOCK_CAPTURE_AUTORELEASING = YES;
				CLANG_WARN_BOOL_CONVERSION = YES;
				CLANG_WARN_COMMA = YES;
				CLANG_WARN_CONSTANT_CONVERSION = YES;
				CLANG_WARN_DEPRECATED_OBJC_IMPLEMENTATIONS = YES;
				CLANG_WARN_DIRECT_OBJC_ISA_USAGE = YES_ERROR;
				CLANG_WARN_DOCUMENTATION_COMMENTS = YES;
				CLANG_WARN_EMPTY_BODY = YES;
				CLANG_WARN_ENUM_CONVERSION = YES;
				CLANG_WARN_INFINITE_RECURSION = YES;
				CLANG_WARN_INT_CONVERSION = YES;
				CLANG_WARN_NON_LITERAL_NULL_CONVERSION = YES;
				CLANG_WARN_OBJC_IMPLICIT_RETAIN_SELF = YES;
				CLANG_WARN_OBJC_LITERAL_CONVERSION = YES;
				CLANG_WARN_OBJC_ROOT_CLASS = YES_ERROR;
				CLANG_WARN_QUOTED_INCLUDE_IN_FRAMEWORK_HEADER = YES;
				CLANG_WARN_RANGE_LOOP_ANALYSIS = YES;
				CLANG_WARN_STRICT_PROTOTYPES = YES;
				CLANG_WARN_SUSPICIOUS_MOVE = YES;
				CLANG_WARN_UNGUARDED_AVAILABILITY = YES_AGGRESSIVE;
				CLANG_WARN_UNREACHABLE_CODE = YES;
				CLANG_WARN__DUPLICATE_METHOD_MATCH = YES;
				COPY_PHASE_STRIP = NO;
				DEBUG_INFORMATION_FORMAT = "dwarf-with-dsym";
				ENABLE_NS_ASSERTIONS = NO;
				ENABLE_STRICT_OBJC_MSGSEND = YES;
				GCC_C_LANGUAGE_STANDARD = gnu11;
				GCC_NO_COMMON_BLOCKS = YES;
				GCC_WARN_64_TO_32_BIT_CONVERSION = YES;
				GCC_WARN_ABOUT_RETURN_TYPE = YES_ERROR;
				GCC_WARN_UNDECLARED_SELECTOR = YES;
				GCC_WARN_UNINITIALIZED_AUTOS = YES_AGGRESSIVE;
				GCC_WARN_UNUSED_FUNCTION = YES;
				GCC_WARN_UNUSED_VARIABLE = YES;
				IPHONEOS_DEPLOYMENT_TARGET = 16.2;
				MTL_ENABLE_DEBUG_INFO = NO;
				MTL_FAST_MATH = YES;
				SDKROOT = iphoneos;
				SWIFT_COMPILATION_MODE = wholemodule;
				SWIFT_OPTIMIZATION_LEVEL = "-O";
				VALIDATE_PRODUCT = YES;
			};
			name = Release;
		};
		CB8AAC9F29E7ED6300D02BF2 /* Debug */ = {
			isa = XCBuildConfiguration;
			buildSettings = {
				ASSETCATALOG_COMPILER_APPICON_NAME = AppIcon;
				ASSETCATALOG_COMPILER_GLOBAL_ACCENT_COLOR_NAME = AccentColor;
				CODE_SIGN_STYLE = Automatic;
				CURRENT_PROJECT_VERSION = 1;
				DEVELOPMENT_ASSET_PATHS = "\"UserApp/Preview Content\"";
				DEVELOPMENT_TEAM = 5A8L7XTFM2;
				ENABLE_PREVIEWS = YES;
				GENERATE_INFOPLIST_FILE = YES;
				INFOPLIST_KEY_UIApplicationSceneManifest_Generation = YES;
				INFOPLIST_KEY_UIApplicationSupportsIndirectInputEvents = YES;
				INFOPLIST_KEY_UILaunchScreen_Generation = YES;
				INFOPLIST_KEY_UISupportedInterfaceOrientations_iPad = "UIInterfaceOrientationPortrait UIInterfaceOrientationPortraitUpsideDown UIInterfaceOrientationLandscapeLeft UIInterfaceOrientationLandscapeRight";
				INFOPLIST_KEY_UISupportedInterfaceOrientations_iPhone = "UIInterfaceOrientationPortrait UIInterfaceOrientationLandscapeLeft UIInterfaceOrientationLandscapeRight";
				LD_RUNPATH_SEARCH_PATHS = (
					"$(inherited)",
					"@executable_path/Frameworks",
				);
				MARKETING_VERSION = 1.0;
				PRODUCT_BUNDLE_IDENTIFIER = com.example.UserApp;
				PRODUCT_NAME = "$(TARGET_NAME)";
				SWIFT_EMIT_LOC_STRINGS = YES;
				SWIFT_VERSION = 5.0;
				TARGETED_DEVICE_FAMILY = "1,2";
			};
			name = Debug;
		};
		CB8AACA029E7ED6300D02BF2 /* Release */ = {
			isa = XCBuildConfiguration;
			buildSettings = {
				ASSETCATALOG_COMPILER_APPICON_NAME = AppIcon;
				ASSETCATALOG_COMPILER_GLOBAL_ACCENT_COLOR_NAME = AccentColor;
				CODE_SIGN_STYLE = Automatic;
				CURRENT_PROJECT_VERSION = 1;
				DEVELOPMENT_ASSET_PATHS = "\"UserApp/Preview Content\"";
				DEVELOPMENT_TEAM = 5A8L7XTFM2;
				ENABLE_PREVIEWS = YES;
				GENERATE_INFOPLIST_FILE = YES;
				INFOPLIST_KEY_UIApplicationSceneManifest_Generation = YES;
				INFOPLIST_KEY_UIApplicationSupportsIndirectInputEvents = YES;
				INFOPLIST_KEY_UILaunchScreen_Generation = YES;
				INFOPLIST_KEY_UISupportedInterfaceOrientations_iPad = "UIInterfaceOrientationPortrait UIInterfaceOrientationPortraitUpsideDown UIInterfaceOrientationLandscapeLeft UIInterfaceOrientationLandscapeRight";
				INFOPLIST_KEY_UISupportedInterfaceOrientations_iPhone = "UIInterfaceOrientationPortrait UIInterfaceOrientationLandscapeLeft UIInterfaceOrientationLandscapeRight";
				LD_RUNPATH_SEARCH_PATHS = (
					"$(inherited)",
					"@executable_path/Frameworks",
				);
				MARKETING_VERSION = 1.0;
				PRODUCT_BUNDLE_IDENTIFIER = com.example.UserApp;
				PRODUCT_NAME = "$(TARGET_NAME)";
				SWIFT_EMIT_LOC_STRINGS = YES;
				SWIFT_VERSION = 5.0;
				TARGETED_DEVICE_FAMILY = "1,2";
			};
			name = Release;
		};
		CB8AACA229E7ED6300D02BF2 /* Debug */ = {
			isa = XCBuildConfiguration;
			buildSettings = {
				ALWAYS_EMBED_SWIFT_STANDARD_LIBRARIES = YES;
				BUNDLE_LOADER = "$(TEST_HOST)";
				CODE_SIGN_STYLE = Automatic;
				CURRENT_PROJECT_VERSION = 1;
				DEVELOPMENT_TEAM = 5A8L7XTFM2;
				GENERATE_INFOPLIST_FILE = YES;
				IPHONEOS_DEPLOYMENT_TARGET = 16.2;
				MARKETING_VERSION = 1.0;
				PRODUCT_BUNDLE_IDENTIFIER = com.example.UserAppTests;
				PRODUCT_NAME = "$(TARGET_NAME)";
				SWIFT_EMIT_LOC_STRINGS = NO;
				SWIFT_VERSION = 5.0;
				TARGETED_DEVICE_FAMILY = "1,2";
				TEST_HOST = "$(BUILT_PRODUCTS_DIR)/UserApp.app/$(BUNDLE_EXECUTABLE_FOLDER_PATH)/UserApp";
			};
			name = Debug;
		};
		CB8AACA329E7ED6300D02BF2 /* Release */ = {
			isa = XCBuildConfiguration;
			buildSettings = {
				ALWAYS_EMBED_SWIFT_STANDARD_LIBRARIES = YES;
				BUNDLE_LOADER = "$(TEST_HOST)";
				CODE_SIGN_STYLE = Automatic;
				CURRENT_PROJECT_VERSION = 1;
				DEVELOPMENT_TEAM = 5A8L7XTFM2;
				GENERATE_INFOPLIST_FILE = YES;
				IPHONEOS_DEPLOYMENT_TARGET = 16.2;
				MARKETING_VERSION = 1.0;
				PRODUCT_BUNDLE_IDENTIFIER = com.example.UserAppTests;
				PRODUCT_NAME = "$(TARGET_NAME)";
				SWIFT_EMIT_LOC_STRINGS = NO;
				SWIFT_VERSION = 5.0;
				TARGETED_DEVICE_FAMILY = "1,2";
				TEST_HOST = "$(BUILT_PRODUCTS_DIR)/UserApp.app/$(BUNDLE_EXECUTABLE_FOLDER_PATH)/UserApp";
			};
			name = Release;
		};
		CB8AACA529E7ED6300D02BF2 /* Debug */ = {
			isa = XCBuildConfiguration;
			buildSettings = {
				ALWAYS_EMBED_SWIFT_STANDARD_LIBRARIES = YES;
				CODE_SIGN_STYLE = Automatic;
				CURRENT_PROJECT_VERSION = 1;
				DEVELOPMENT_TEAM = 5A8L7XTFM2;
				GENERATE_INFOPLIST_FILE = YES;
				MARKETING_VERSION = 1.0;
				PRODUCT_BUNDLE_IDENTIFIER = com.example.UserAppUITests;
				PRODUCT_NAME = "$(TARGET_NAME)";
				SWIFT_EMIT_LOC_STRINGS = NO;
				SWIFT_VERSION = 5.0;
				TARGETED_DEVICE_FAMILY = "1,2";
				TEST_TARGET_NAME = UserApp;
			};
			name = Debug;
		};
		CB8AACA629E7ED6300D02BF2 /* Release */ = {
			isa = XCBuildConfiguration;
			buildSettings = {
				ALWAYS_EMBED_SWIFT_STANDARD_LIBRARIES = YES;
				CODE_SIGN_STYLE = Automatic;
				CURRENT_PROJECT_VERSION = 1;
				DEVELOPMENT_TEAM = 5A8L7XTFM2;
				GENERATE_INFOPLIST_FILE = YES;
				MARKETING_VERSION = 1.0;
				PRODUCT_BUNDLE_IDENTIFIER = com.example.UserAppUITests;
				PRODUCT_NAME = "$(TARGET_NAME)";
				SWIFT_EMIT_LOC_STRINGS = NO;
				SWIFT_VERSION = 5.0;
				TARGETED_DEVICE_FAMILY = "1,2";
				TEST_TARGET_NAME = UserApp;
			};
			name = Release;
		};
/* End XCBuildConfiguration section */

/* Begin XCConfigurationList section */
		CB8AAC7529E7ED6100D02BF2 /* Build configuration list for PBXProject "UserApp" */ = {
			isa = XCConfigurationList;
			buildConfigurations = (
				CB8AAC9C29E7ED6300D02BF2 /* Debug */,
				CB8AAC9D29E7ED6300D02BF2 /* Release */,
			);
			defaultConfigurationIsVisible = 0;
			defaultConfigurationName = Release;
		};
		CB8AAC9E29E7ED6300D02BF2 /* Build configuration list for PBXNativeTarget "UserApp" */ = {
			isa = XCConfigurationList;
			buildConfigurations = (
				CB8AAC9F29E7ED6300D02BF2 /* Debug */,
				CB8AACA029E7ED6300D02BF2 /* Release */,
			);
			defaultConfigurationIsVisible = 0;
			defaultConfigurationName = Release;
		};
		CB8AACA129E7ED6300D02BF2 /* Build configuration list for PBXNativeTarget "UserAppTests" */ = {
			isa = XCConfigurationList;
			buildConfigurations = (
				CB8AACA229E7ED6300D02BF2 /* Debug */,
				CB8AACA329E7ED6300D02BF2 /* Release */,
			);
			defaultConfigurationIsVisible = 0;
			defaultConfigurationName = Release;
		};
		CB8AACA429E7ED6300D02BF2 /* Build configuration list for PBXNativeTarget "UserAppUITests" */ = {
			isa = XCConfigurationList;
			buildConfigurations = (
				CB8AACA529E7ED6300D02BF2 /* Debug */,
				CB8AACA629E7ED6300D02BF2 /* Release */,
			);
			defaultConfigurationIsVisible = 0;
			defaultConfigurationName = Release;
		};
/* End XCConfigurationList section */
	};
	rootObject = CB8AAC7229E7ED6100D02BF2 /* Project object */;
}
